
Microsoft Visual Studio Solution File, Format Version 12.00
# Visual Studio Version 17
VisualStudioVersion = 17.5.33516.290
MinimumVisualStudioVersion = 10.0.40219.1
Project("{2150E333-8FDC-42A3-9474-1A3956D46DE8}") = "Src", "Src", "{B6EAC337-FFD4-4254-BFDC-6E14FF75C7FB}"
EndProject
Project("{2150E333-8FDC-42A3-9474-1A3956D46DE8}") = "Test", "Test", "{644BC15F-ABF9-4A39-969B-E48DD7FB885F}"
EndProject
Project("{9A19103F-16F7-4668-BE54-9A1E7A4F7556}") = "DiKErnel.Core", "Src\DiKErnel.Core\DiKErnel.Core.csproj", "{B291EDD8-60BD-41E1-90F0-9B813BEF59DF}"
EndProject
Project("{9A19103F-16F7-4668-BE54-9A1E7A4F7556}") = "DiKErnel.DomainLibrary", "Src\DiKErnel.DomainLibrary\DiKErnel.DomainLibrary.csproj", "{BBB12622-4B0A-4475-9C48-723C76115334}"
EndProject
Project("{9A19103F-16F7-4668-BE54-9A1E7A4F7556}") = "DiKErnel.External.Overtopping", "Src\DiKErnel.External.Overtopping\DiKErnel.External.Overtopping.csproj", "{1AABB7A0-6B6E-4BA1-8841-6F864659963B}"
EndProject
Project("{9A19103F-16F7-4668-BE54-9A1E7A4F7556}") = "DiKErnel.FunctionLibrary", "Src\DiKErnel.FunctionLibrary\DiKErnel.FunctionLibrary.csproj", "{B0ADE808-DB11-4F98-BC9C-3FAA33187B94}"
EndProject
Project("{9A19103F-16F7-4668-BE54-9A1E7A4F7556}") = "DiKErnel.Integration", "Src\DiKErnel.Integration\DiKErnel.Integration.csproj", "{F80CE4A9-FB6C-4C91-A481-70A340FC99AB}"
EndProject
Project("{9A19103F-16F7-4668-BE54-9A1E7A4F7556}") = "DiKErnel.Util", "Src\DiKErnel.Util\DiKErnel.Util.csproj", "{135D433D-8B5E-4B6A-9678-CE16A84152DB}"
EndProject
Project("{9A19103F-16F7-4668-BE54-9A1E7A4F7556}") = "DiKErnel.Core.Test", "Test\DiKErnel.Core.Test\DiKErnel.Core.Test.csproj", "{56BBD79A-E25D-46B7-A9F0-D33B0B2397FC}"
EndProject
Project("{9A19103F-16F7-4668-BE54-9A1E7A4F7556}") = "DiKErnel.DomainLibrary.Test", "Test\DiKErnel.DomainLibrary.Test\DiKErnel.DomainLibrary.Test.csproj", "{61442237-ACA7-4721-9AB3-89EFC8DFDB55}"
EndProject
Project("{9A19103F-16F7-4668-BE54-9A1E7A4F7556}") = "DiKErnel.External.Overtopping.Test", "Test\DiKErnel.External.Overtopping.Test\DiKErnel.External.Overtopping.Test.csproj", "{0301626A-32A4-4603-9E18-197786F6ECA4}"
EndProject
Project("{9A19103F-16F7-4668-BE54-9A1E7A4F7556}") = "DiKErnel.FunctionLibrary.Test", "Test\DiKErnel.FunctionLibrary.Test\DiKErnel.FunctionLibrary.Test.csproj", "{B6BE987D-5D4B-4EF5-B804-D6719EA627E8}"
EndProject
Project("{9A19103F-16F7-4668-BE54-9A1E7A4F7556}") = "DiKErnel.Integration.Test", "Test\DiKErnel.Integration.Test\DiKErnel.Integration.Test.csproj", "{DC0AE24F-1AD2-40D8-9B82-5EFEBF5ED261}"
EndProject
Project("{9A19103F-16F7-4668-BE54-9A1E7A4F7556}") = "DiKErnel.Integration.TestUtil", "Test\DiKErnel.Integration.TestUtil\DiKErnel.Integration.TestUtil.csproj", "{DDC328BF-E077-4831-8C30-B6DF37BFFDE4}"
EndProject
Project("{9A19103F-16F7-4668-BE54-9A1E7A4F7556}") = "DiKErnel.System.Test", "Test\DiKErnel.System.Test\DiKErnel.System.Test.csproj", "{9368A012-481C-477F-B962-DD54703C31BF}"
EndProject
Project("{9A19103F-16F7-4668-BE54-9A1E7A4F7556}") = "DiKErnel.TestUtil", "Test\DiKErnel.TestUtil\DiKErnel.TestUtil.csproj", "{67C171F1-8FD5-4F33-96C8-144426AA5CF0}"
EndProject
Project("{9A19103F-16F7-4668-BE54-9A1E7A4F7556}") = "DiKErnel.Util.Test", "Test\DiKErnel.Util.Test\DiKErnel.Util.Test.csproj", "{A4201006-E643-46E0-948F-7EA7CD96FC2B}"
EndProject
Project("{9A19103F-16F7-4668-BE54-9A1E7A4F7556}") = "DiKErnel.Util.TestUtil", "Test\DiKErnel.Util.TestUtil\DiKErnel.Util.TestUtil.csproj", "{8D6C2908-8C22-4A53-AE28-5C3C53E629CF}"
EndProject
Project("{9A19103F-16F7-4668-BE54-9A1E7A4F7556}") = "DiKErnel.FunctionLibrary.TestUtil", "Test\DiKErnel.FunctionLibrary.TestUtil\DiKErnel.FunctionLibrary.TestUtil.csproj", "{62E9523C-ACCD-4CA5-A830-A76940CB5928}"
EndProject
Project("{9A19103F-16F7-4668-BE54-9A1E7A4F7556}") = "DiKErnel.SpecFlow.Test", "Test\DiKErnel.SpecFlow.Test\DiKErnel.SpecFlow.Test.csproj", "{37F95BA6-7219-4724-85CB-B36B6B5BCC80}"
EndProject
Project("{2150E333-8FDC-42A3-9474-1A3956D46DE8}") = "Solution Items", "Solution Items", "{2DDDF5EB-24F3-405E-9BB0-5EED1138C7D1}"
	ProjectSection(SolutionItems) = preProject
		Deployment\dotnet9.dockerfile = Deployment\dotnet9.dockerfile
		Development\Base.targets = Development\Base.targets
		Development\Copying.Lesser.licenseheader = Development\Copying.Lesser.licenseheader
		Development\GlobalAssembly.cs = Development\GlobalAssembly.cs
		Development\NetStandard.targets = Development\NetStandard.targets
		Development\Test.targets = Development\Test.targets
		Development\TestAssembly.cs = Development\TestAssembly.cs
	EndProjectSection
EndProject
Global
	GlobalSection(SolutionConfigurationPlatforms) = preSolution
		Coverage|x64 = Coverage|x64
		Coverage|x86 = Coverage|x86
		Debug|x64 = Debug|x64
		Debug|x86 = Debug|x86
		Release|x64 = Release|x64
		Release|x86 = Release|x86
	EndGlobalSection
	GlobalSection(ProjectConfigurationPlatforms) = postSolution
		{B291EDD8-60BD-41E1-90F0-9B813BEF59DF}.Coverage|x64.ActiveCfg = Coverage|x64
		{B291EDD8-60BD-41E1-90F0-9B813BEF59DF}.Coverage|x64.Build.0 = Coverage|x64
		{B291EDD8-60BD-41E1-90F0-9B813BEF59DF}.Coverage|x86.ActiveCfg = Coverage|x86
		{B291EDD8-60BD-41E1-90F0-9B813BEF59DF}.Coverage|x86.Build.0 = Coverage|x86
		{B291EDD8-60BD-41E1-90F0-9B813BEF59DF}.Debug|x64.ActiveCfg = Debug|x64
		{B291EDD8-60BD-41E1-90F0-9B813BEF59DF}.Debug|x64.Build.0 = Debug|x64
		{B291EDD8-60BD-41E1-90F0-9B813BEF59DF}.Debug|x86.ActiveCfg = Debug|x86
		{B291EDD8-60BD-41E1-90F0-9B813BEF59DF}.Debug|x86.Build.0 = Debug|x86
		{B291EDD8-60BD-41E1-90F0-9B813BEF59DF}.Release|x64.ActiveCfg = Release|x64
		{B291EDD8-60BD-41E1-90F0-9B813BEF59DF}.Release|x64.Build.0 = Release|x64
		{B291EDD8-60BD-41E1-90F0-9B813BEF59DF}.Release|x86.ActiveCfg = Release|x86
		{B291EDD8-60BD-41E1-90F0-9B813BEF59DF}.Release|x86.Build.0 = Release|x86
		{BBB12622-4B0A-4475-9C48-723C76115334}.Coverage|x64.ActiveCfg = Coverage|x64
		{BBB12622-4B0A-4475-9C48-723C76115334}.Coverage|x64.Build.0 = Coverage|x64
		{BBB12622-4B0A-4475-9C48-723C76115334}.Coverage|x86.ActiveCfg = Coverage|x86
		{BBB12622-4B0A-4475-9C48-723C76115334}.Coverage|x86.Build.0 = Coverage|x86
		{BBB12622-4B0A-4475-9C48-723C76115334}.Debug|x64.ActiveCfg = Debug|x64
		{BBB12622-4B0A-4475-9C48-723C76115334}.Debug|x64.Build.0 = Debug|x64
		{BBB12622-4B0A-4475-9C48-723C76115334}.Debug|x86.ActiveCfg = Debug|x86
		{BBB12622-4B0A-4475-9C48-723C76115334}.Debug|x86.Build.0 = Debug|x86
		{BBB12622-4B0A-4475-9C48-723C76115334}.Release|x64.ActiveCfg = Release|x64
		{BBB12622-4B0A-4475-9C48-723C76115334}.Release|x64.Build.0 = Release|x64
		{BBB12622-4B0A-4475-9C48-723C76115334}.Release|x86.ActiveCfg = Release|x86
		{BBB12622-4B0A-4475-9C48-723C76115334}.Release|x86.Build.0 = Release|x86
		{1AABB7A0-6B6E-4BA1-8841-6F864659963B}.Coverage|x64.ActiveCfg = Coverage|x64
		{1AABB7A0-6B6E-4BA1-8841-6F864659963B}.Coverage|x64.Build.0 = Coverage|x64
		{1AABB7A0-6B6E-4BA1-8841-6F864659963B}.Coverage|x86.ActiveCfg = Coverage|x86
		{1AABB7A0-6B6E-4BA1-8841-6F864659963B}.Coverage|x86.Build.0 = Coverage|x86
		{1AABB7A0-6B6E-4BA1-8841-6F864659963B}.Debug|x64.ActiveCfg = Debug|x64
		{1AABB7A0-6B6E-4BA1-8841-6F864659963B}.Debug|x64.Build.0 = Debug|x64
		{1AABB7A0-6B6E-4BA1-8841-6F864659963B}.Debug|x86.ActiveCfg = Debug|x86
		{1AABB7A0-6B6E-4BA1-8841-6F864659963B}.Debug|x86.Build.0 = Debug|x86
		{1AABB7A0-6B6E-4BA1-8841-6F864659963B}.Release|x64.ActiveCfg = Release|x64
		{1AABB7A0-6B6E-4BA1-8841-6F864659963B}.Release|x64.Build.0 = Release|x64
		{1AABB7A0-6B6E-4BA1-8841-6F864659963B}.Release|x86.ActiveCfg = Release|x86
		{1AABB7A0-6B6E-4BA1-8841-6F864659963B}.Release|x86.Build.0 = Release|x86
		{B0ADE808-DB11-4F98-BC9C-3FAA33187B94}.Coverage|x64.ActiveCfg = Coverage|x64
		{B0ADE808-DB11-4F98-BC9C-3FAA33187B94}.Coverage|x64.Build.0 = Coverage|x64
		{B0ADE808-DB11-4F98-BC9C-3FAA33187B94}.Coverage|x86.ActiveCfg = Coverage|x86
		{B0ADE808-DB11-4F98-BC9C-3FAA33187B94}.Coverage|x86.Build.0 = Coverage|x86
		{B0ADE808-DB11-4F98-BC9C-3FAA33187B94}.Debug|x64.ActiveCfg = Debug|x64
		{B0ADE808-DB11-4F98-BC9C-3FAA33187B94}.Debug|x64.Build.0 = Debug|x64
		{B0ADE808-DB11-4F98-BC9C-3FAA33187B94}.Debug|x86.ActiveCfg = Debug|x86
		{B0ADE808-DB11-4F98-BC9C-3FAA33187B94}.Debug|x86.Build.0 = Debug|x86
		{B0ADE808-DB11-4F98-BC9C-3FAA33187B94}.Release|x64.ActiveCfg = Release|x64
		{B0ADE808-DB11-4F98-BC9C-3FAA33187B94}.Release|x64.Build.0 = Release|x64
		{B0ADE808-DB11-4F98-BC9C-3FAA33187B94}.Release|x86.ActiveCfg = Release|x86
		{B0ADE808-DB11-4F98-BC9C-3FAA33187B94}.Release|x86.Build.0 = Release|x86
		{F80CE4A9-FB6C-4C91-A481-70A340FC99AB}.Coverage|x64.ActiveCfg = Coverage|x64
		{F80CE4A9-FB6C-4C91-A481-70A340FC99AB}.Coverage|x64.Build.0 = Coverage|x64
		{F80CE4A9-FB6C-4C91-A481-70A340FC99AB}.Coverage|x86.ActiveCfg = Coverage|x86
		{F80CE4A9-FB6C-4C91-A481-70A340FC99AB}.Coverage|x86.Build.0 = Coverage|x86
		{F80CE4A9-FB6C-4C91-A481-70A340FC99AB}.Debug|x64.ActiveCfg = Debug|x64
		{F80CE4A9-FB6C-4C91-A481-70A340FC99AB}.Debug|x64.Build.0 = Debug|x64
		{F80CE4A9-FB6C-4C91-A481-70A340FC99AB}.Debug|x86.ActiveCfg = Debug|x86
		{F80CE4A9-FB6C-4C91-A481-70A340FC99AB}.Debug|x86.Build.0 = Debug|x86
		{F80CE4A9-FB6C-4C91-A481-70A340FC99AB}.Release|x64.ActiveCfg = Release|x64
		{F80CE4A9-FB6C-4C91-A481-70A340FC99AB}.Release|x64.Build.0 = Release|x64
		{F80CE4A9-FB6C-4C91-A481-70A340FC99AB}.Release|x86.ActiveCfg = Release|x86
		{F80CE4A9-FB6C-4C91-A481-70A340FC99AB}.Release|x86.Build.0 = Release|x86
		{135D433D-8B5E-4B6A-9678-CE16A84152DB}.Coverage|x64.ActiveCfg = Coverage|x64
		{135D433D-8B5E-4B6A-9678-CE16A84152DB}.Coverage|x64.Build.0 = Coverage|x64
		{135D433D-8B5E-4B6A-9678-CE16A84152DB}.Coverage|x86.ActiveCfg = Coverage|x86
		{135D433D-8B5E-4B6A-9678-CE16A84152DB}.Coverage|x86.Build.0 = Coverage|x86
		{135D433D-8B5E-4B6A-9678-CE16A84152DB}.Debug|x64.ActiveCfg = Debug|x64
		{135D433D-8B5E-4B6A-9678-CE16A84152DB}.Debug|x64.Build.0 = Debug|x64
		{135D433D-8B5E-4B6A-9678-CE16A84152DB}.Debug|x86.ActiveCfg = Debug|x86
		{135D433D-8B5E-4B6A-9678-CE16A84152DB}.Debug|x86.Build.0 = Debug|x86
		{135D433D-8B5E-4B6A-9678-CE16A84152DB}.Release|x64.ActiveCfg = Release|x64
		{135D433D-8B5E-4B6A-9678-CE16A84152DB}.Release|x64.Build.0 = Release|x64
		{135D433D-8B5E-4B6A-9678-CE16A84152DB}.Release|x86.ActiveCfg = Release|x86
		{135D433D-8B5E-4B6A-9678-CE16A84152DB}.Release|x86.Build.0 = Release|x86
		{56BBD79A-E25D-46B7-A9F0-D33B0B2397FC}.Coverage|x64.ActiveCfg = Coverage|x64
		{56BBD79A-E25D-46B7-A9F0-D33B0B2397FC}.Coverage|x64.Build.0 = Coverage|x64
		{56BBD79A-E25D-46B7-A9F0-D33B0B2397FC}.Coverage|x86.ActiveCfg = Coverage|x86
		{56BBD79A-E25D-46B7-A9F0-D33B0B2397FC}.Coverage|x86.Build.0 = Coverage|x86
		{56BBD79A-E25D-46B7-A9F0-D33B0B2397FC}.Debug|x64.ActiveCfg = Debug|x64
		{56BBD79A-E25D-46B7-A9F0-D33B0B2397FC}.Debug|x64.Build.0 = Debug|x64
		{56BBD79A-E25D-46B7-A9F0-D33B0B2397FC}.Debug|x86.ActiveCfg = Debug|x86
		{56BBD79A-E25D-46B7-A9F0-D33B0B2397FC}.Debug|x86.Build.0 = Debug|x86
		{56BBD79A-E25D-46B7-A9F0-D33B0B2397FC}.Release|x64.ActiveCfg = Release|x64
		{56BBD79A-E25D-46B7-A9F0-D33B0B2397FC}.Release|x64.Build.0 = Release|x64
		{56BBD79A-E25D-46B7-A9F0-D33B0B2397FC}.Release|x86.ActiveCfg = Release|x86
		{56BBD79A-E25D-46B7-A9F0-D33B0B2397FC}.Release|x86.Build.0 = Release|x86
		{61442237-ACA7-4721-9AB3-89EFC8DFDB55}.Coverage|x64.ActiveCfg = Coverage|x64
		{61442237-ACA7-4721-9AB3-89EFC8DFDB55}.Coverage|x64.Build.0 = Coverage|x64
		{61442237-ACA7-4721-9AB3-89EFC8DFDB55}.Coverage|x86.ActiveCfg = Coverage|x86
		{61442237-ACA7-4721-9AB3-89EFC8DFDB55}.Coverage|x86.Build.0 = Coverage|x86
		{61442237-ACA7-4721-9AB3-89EFC8DFDB55}.Debug|x64.ActiveCfg = Debug|x64
		{61442237-ACA7-4721-9AB3-89EFC8DFDB55}.Debug|x64.Build.0 = Debug|x64
		{61442237-ACA7-4721-9AB3-89EFC8DFDB55}.Debug|x86.ActiveCfg = Debug|x86
		{61442237-ACA7-4721-9AB3-89EFC8DFDB55}.Debug|x86.Build.0 = Debug|x86
		{61442237-ACA7-4721-9AB3-89EFC8DFDB55}.Release|x64.ActiveCfg = Release|x64
		{61442237-ACA7-4721-9AB3-89EFC8DFDB55}.Release|x64.Build.0 = Release|x64
		{61442237-ACA7-4721-9AB3-89EFC8DFDB55}.Release|x86.ActiveCfg = Release|x86
		{61442237-ACA7-4721-9AB3-89EFC8DFDB55}.Release|x86.Build.0 = Release|x86
		{0301626A-32A4-4603-9E18-197786F6ECA4}.Coverage|x64.ActiveCfg = Coverage|x64
		{0301626A-32A4-4603-9E18-197786F6ECA4}.Coverage|x64.Build.0 = Coverage|x64
		{0301626A-32A4-4603-9E18-197786F6ECA4}.Coverage|x86.ActiveCfg = Coverage|x86
		{0301626A-32A4-4603-9E18-197786F6ECA4}.Coverage|x86.Build.0 = Coverage|x86
		{0301626A-32A4-4603-9E18-197786F6ECA4}.Debug|x64.ActiveCfg = Debug|x64
		{0301626A-32A4-4603-9E18-197786F6ECA4}.Debug|x64.Build.0 = Debug|x64
		{0301626A-32A4-4603-9E18-197786F6ECA4}.Debug|x86.ActiveCfg = Debug|x86
		{0301626A-32A4-4603-9E18-197786F6ECA4}.Debug|x86.Build.0 = Debug|x86
		{0301626A-32A4-4603-9E18-197786F6ECA4}.Release|x64.ActiveCfg = Release|x64
		{0301626A-32A4-4603-9E18-197786F6ECA4}.Release|x64.Build.0 = Release|x64
		{0301626A-32A4-4603-9E18-197786F6ECA4}.Release|x86.ActiveCfg = Release|x86
		{0301626A-32A4-4603-9E18-197786F6ECA4}.Release|x86.Build.0 = Release|x86
		{B6BE987D-5D4B-4EF5-B804-D6719EA627E8}.Coverage|x64.ActiveCfg = Coverage|x64
		{B6BE987D-5D4B-4EF5-B804-D6719EA627E8}.Coverage|x64.Build.0 = Coverage|x64
		{B6BE987D-5D4B-4EF5-B804-D6719EA627E8}.Coverage|x86.ActiveCfg = Coverage|x86
		{B6BE987D-5D4B-4EF5-B804-D6719EA627E8}.Coverage|x86.Build.0 = Coverage|x86
		{B6BE987D-5D4B-4EF5-B804-D6719EA627E8}.Debug|x64.ActiveCfg = Debug|x64
		{B6BE987D-5D4B-4EF5-B804-D6719EA627E8}.Debug|x64.Build.0 = Debug|x64
		{B6BE987D-5D4B-4EF5-B804-D6719EA627E8}.Debug|x86.ActiveCfg = Debug|x86
		{B6BE987D-5D4B-4EF5-B804-D6719EA627E8}.Debug|x86.Build.0 = Debug|x86
		{B6BE987D-5D4B-4EF5-B804-D6719EA627E8}.Release|x64.ActiveCfg = Release|x64
		{B6BE987D-5D4B-4EF5-B804-D6719EA627E8}.Release|x64.Build.0 = Release|x64
		{B6BE987D-5D4B-4EF5-B804-D6719EA627E8}.Release|x86.ActiveCfg = Release|x86
		{B6BE987D-5D4B-4EF5-B804-D6719EA627E8}.Release|x86.Build.0 = Release|x86
		{DC0AE24F-1AD2-40D8-9B82-5EFEBF5ED261}.Coverage|x64.ActiveCfg = Coverage|x64
		{DC0AE24F-1AD2-40D8-9B82-5EFEBF5ED261}.Coverage|x64.Build.0 = Coverage|x64
		{DC0AE24F-1AD2-40D8-9B82-5EFEBF5ED261}.Coverage|x86.ActiveCfg = Coverage|x86
		{DC0AE24F-1AD2-40D8-9B82-5EFEBF5ED261}.Coverage|x86.Build.0 = Coverage|x86
		{DC0AE24F-1AD2-40D8-9B82-5EFEBF5ED261}.Debug|x64.ActiveCfg = Debug|x64
		{DC0AE24F-1AD2-40D8-9B82-5EFEBF5ED261}.Debug|x64.Build.0 = Debug|x64
		{DC0AE24F-1AD2-40D8-9B82-5EFEBF5ED261}.Debug|x86.ActiveCfg = Debug|x86
		{DC0AE24F-1AD2-40D8-9B82-5EFEBF5ED261}.Debug|x86.Build.0 = Debug|x86
		{DC0AE24F-1AD2-40D8-9B82-5EFEBF5ED261}.Release|x64.ActiveCfg = Release|x64
		{DC0AE24F-1AD2-40D8-9B82-5EFEBF5ED261}.Release|x64.Build.0 = Release|x64
		{DC0AE24F-1AD2-40D8-9B82-5EFEBF5ED261}.Release|x86.ActiveCfg = Release|x86
		{DC0AE24F-1AD2-40D8-9B82-5EFEBF5ED261}.Release|x86.Build.0 = Release|x86
		{DDC328BF-E077-4831-8C30-B6DF37BFFDE4}.Coverage|x64.ActiveCfg = Coverage|x64
		{DDC328BF-E077-4831-8C30-B6DF37BFFDE4}.Coverage|x64.Build.0 = Coverage|x64
		{DDC328BF-E077-4831-8C30-B6DF37BFFDE4}.Coverage|x86.ActiveCfg = Coverage|x86
		{DDC328BF-E077-4831-8C30-B6DF37BFFDE4}.Coverage|x86.Build.0 = Coverage|x86
		{DDC328BF-E077-4831-8C30-B6DF37BFFDE4}.Debug|x64.ActiveCfg = Debug|x64
		{DDC328BF-E077-4831-8C30-B6DF37BFFDE4}.Debug|x64.Build.0 = Debug|x64
		{DDC328BF-E077-4831-8C30-B6DF37BFFDE4}.Debug|x86.ActiveCfg = Debug|x86
		{DDC328BF-E077-4831-8C30-B6DF37BFFDE4}.Debug|x86.Build.0 = Debug|x86
		{DDC328BF-E077-4831-8C30-B6DF37BFFDE4}.Release|x64.ActiveCfg = Release|x64
		{DDC328BF-E077-4831-8C30-B6DF37BFFDE4}.Release|x64.Build.0 = Release|x64
		{DDC328BF-E077-4831-8C30-B6DF37BFFDE4}.Release|x86.ActiveCfg = Release|x86
		{DDC328BF-E077-4831-8C30-B6DF37BFFDE4}.Release|x86.Build.0 = Release|x86
		{9368A012-481C-477F-B962-DD54703C31BF}.Coverage|x64.ActiveCfg = Coverage|x64
		{9368A012-481C-477F-B962-DD54703C31BF}.Coverage|x64.Build.0 = Coverage|x64
		{9368A012-481C-477F-B962-DD54703C31BF}.Coverage|x86.ActiveCfg = Coverage|x86
		{9368A012-481C-477F-B962-DD54703C31BF}.Coverage|x86.Build.0 = Coverage|x86
		{9368A012-481C-477F-B962-DD54703C31BF}.Debug|x64.ActiveCfg = Debug|x64
		{9368A012-481C-477F-B962-DD54703C31BF}.Debug|x64.Build.0 = Debug|x64
		{9368A012-481C-477F-B962-DD54703C31BF}.Debug|x86.ActiveCfg = Debug|x86
		{9368A012-481C-477F-B962-DD54703C31BF}.Debug|x86.Build.0 = Debug|x86
		{9368A012-481C-477F-B962-DD54703C31BF}.Release|x64.ActiveCfg = Release|x64
		{9368A012-481C-477F-B962-DD54703C31BF}.Release|x64.Build.0 = Release|x64
		{9368A012-481C-477F-B962-DD54703C31BF}.Release|x86.ActiveCfg = Release|x86
		{9368A012-481C-477F-B962-DD54703C31BF}.Release|x86.Build.0 = Release|x86
		{67C171F1-8FD5-4F33-96C8-144426AA5CF0}.Coverage|x64.ActiveCfg = Coverage|x64
		{67C171F1-8FD5-4F33-96C8-144426AA5CF0}.Coverage|x64.Build.0 = Coverage|x64
		{67C171F1-8FD5-4F33-96C8-144426AA5CF0}.Coverage|x86.ActiveCfg = Coverage|x86
		{67C171F1-8FD5-4F33-96C8-144426AA5CF0}.Coverage|x86.Build.0 = Coverage|x86
		{67C171F1-8FD5-4F33-96C8-144426AA5CF0}.Debug|x64.ActiveCfg = Debug|x64
		{67C171F1-8FD5-4F33-96C8-144426AA5CF0}.Debug|x64.Build.0 = Debug|x64
		{67C171F1-8FD5-4F33-96C8-144426AA5CF0}.Debug|x86.ActiveCfg = Debug|x86
		{67C171F1-8FD5-4F33-96C8-144426AA5CF0}.Debug|x86.Build.0 = Debug|x86
		{67C171F1-8FD5-4F33-96C8-144426AA5CF0}.Release|x64.ActiveCfg = Release|x64
		{67C171F1-8FD5-4F33-96C8-144426AA5CF0}.Release|x64.Build.0 = Release|x64
		{67C171F1-8FD5-4F33-96C8-144426AA5CF0}.Release|x86.ActiveCfg = Release|x86
		{67C171F1-8FD5-4F33-96C8-144426AA5CF0}.Release|x86.Build.0 = Release|x86
		{A4201006-E643-46E0-948F-7EA7CD96FC2B}.Coverage|x64.ActiveCfg = Coverage|x64
		{A4201006-E643-46E0-948F-7EA7CD96FC2B}.Coverage|x64.Build.0 = Coverage|x64
		{A4201006-E643-46E0-948F-7EA7CD96FC2B}.Coverage|x86.ActiveCfg = Coverage|x86
		{A4201006-E643-46E0-948F-7EA7CD96FC2B}.Coverage|x86.Build.0 = Coverage|x86
		{A4201006-E643-46E0-948F-7EA7CD96FC2B}.Debug|x64.ActiveCfg = Debug|x64
		{A4201006-E643-46E0-948F-7EA7CD96FC2B}.Debug|x64.Build.0 = Debug|x64
		{A4201006-E643-46E0-948F-7EA7CD96FC2B}.Debug|x86.ActiveCfg = Debug|x86
		{A4201006-E643-46E0-948F-7EA7CD96FC2B}.Debug|x86.Build.0 = Debug|x86
		{A4201006-E643-46E0-948F-7EA7CD96FC2B}.Release|x64.ActiveCfg = Release|x64
		{A4201006-E643-46E0-948F-7EA7CD96FC2B}.Release|x64.Build.0 = Release|x64
		{A4201006-E643-46E0-948F-7EA7CD96FC2B}.Release|x86.ActiveCfg = Release|x86
		{A4201006-E643-46E0-948F-7EA7CD96FC2B}.Release|x86.Build.0 = Release|x86
		{8D6C2908-8C22-4A53-AE28-5C3C53E629CF}.Coverage|x64.ActiveCfg = Coverage|x64
		{8D6C2908-8C22-4A53-AE28-5C3C53E629CF}.Coverage|x64.Build.0 = Coverage|x64
		{8D6C2908-8C22-4A53-AE28-5C3C53E629CF}.Coverage|x86.ActiveCfg = Coverage|x86
		{8D6C2908-8C22-4A53-AE28-5C3C53E629CF}.Coverage|x86.Build.0 = Coverage|x86
		{8D6C2908-8C22-4A53-AE28-5C3C53E629CF}.Debug|x64.ActiveCfg = Debug|x64
		{8D6C2908-8C22-4A53-AE28-5C3C53E629CF}.Debug|x64.Build.0 = Debug|x64
		{8D6C2908-8C22-4A53-AE28-5C3C53E629CF}.Debug|x86.ActiveCfg = Debug|x86
		{8D6C2908-8C22-4A53-AE28-5C3C53E629CF}.Debug|x86.Build.0 = Debug|x86
		{8D6C2908-8C22-4A53-AE28-5C3C53E629CF}.Release|x64.ActiveCfg = Release|x64
		{8D6C2908-8C22-4A53-AE28-5C3C53E629CF}.Release|x64.Build.0 = Release|x64
		{8D6C2908-8C22-4A53-AE28-5C3C53E629CF}.Release|x86.ActiveCfg = Release|x86
		{8D6C2908-8C22-4A53-AE28-5C3C53E629CF}.Release|x86.Build.0 = Release|x86
		{62E9523C-ACCD-4CA5-A830-A76940CB5928}.Coverage|x64.ActiveCfg = Coverage|x64
		{62E9523C-ACCD-4CA5-A830-A76940CB5928}.Coverage|x64.Build.0 = Coverage|x64
		{62E9523C-ACCD-4CA5-A830-A76940CB5928}.Coverage|x86.ActiveCfg = Coverage|x86
		{62E9523C-ACCD-4CA5-A830-A76940CB5928}.Coverage|x86.Build.0 = Coverage|x86
		{62E9523C-ACCD-4CA5-A830-A76940CB5928}.Debug|x64.ActiveCfg = Debug|x64
		{62E9523C-ACCD-4CA5-A830-A76940CB5928}.Debug|x64.Build.0 = Debug|x64
		{62E9523C-ACCD-4CA5-A830-A76940CB5928}.Debug|x86.ActiveCfg = Debug|x86
		{62E9523C-ACCD-4CA5-A830-A76940CB5928}.Debug|x86.Build.0 = Debug|x86
		{62E9523C-ACCD-4CA5-A830-A76940CB5928}.Release|x64.ActiveCfg = Release|x64
		{62E9523C-ACCD-4CA5-A830-A76940CB5928}.Release|x64.Build.0 = Release|x64
		{62E9523C-ACCD-4CA5-A830-A76940CB5928}.Release|x86.ActiveCfg = Release|x86
		{62E9523C-ACCD-4CA5-A830-A76940CB5928}.Release|x86.Build.0 = Release|x86
		{37F95BA6-7219-4724-85CB-B36B6B5BCC80}.Coverage|x64.ActiveCfg = Coverage|x64
		{37F95BA6-7219-4724-85CB-B36B6B5BCC80}.Coverage|x64.Build.0 = Coverage|x64
		{37F95BA6-7219-4724-85CB-B36B6B5BCC80}.Coverage|x86.ActiveCfg = Coverage|x86
		{37F95BA6-7219-4724-85CB-B36B6B5BCC80}.Coverage|x86.Build.0 = Coverage|x86
		{37F95BA6-7219-4724-85CB-B36B6B5BCC80}.Debug|x64.ActiveCfg = Debug|x64
		{37F95BA6-7219-4724-85CB-B36B6B5BCC80}.Debug|x64.Build.0 = Debug|x64
		{37F95BA6-7219-4724-85CB-B36B6B5BCC80}.Debug|x86.ActiveCfg = Debug|x86
		{37F95BA6-7219-4724-85CB-B36B6B5BCC80}.Debug|x86.Build.0 = Debug|x86
		{37F95BA6-7219-4724-85CB-B36B6B5BCC80}.Release|x64.ActiveCfg = Release|x64
		{37F95BA6-7219-4724-85CB-B36B6B5BCC80}.Release|x64.Build.0 = Release|x64
		{37F95BA6-7219-4724-85CB-B36B6B5BCC80}.Release|x86.ActiveCfg = Release|x86
		{37F95BA6-7219-4724-85CB-B36B6B5BCC80}.Release|x86.Build.0 = Release|x86
	EndGlobalSection
	GlobalSection(SolutionProperties) = preSolution
		HideSolutionNode = FALSE
	EndGlobalSection
	GlobalSection(NestedProjects) = preSolution
		{B291EDD8-60BD-41E1-90F0-9B813BEF59DF} = {B6EAC337-FFD4-4254-BFDC-6E14FF75C7FB}
		{BBB12622-4B0A-4475-9C48-723C76115334} = {B6EAC337-FFD4-4254-BFDC-6E14FF75C7FB}
		{1AABB7A0-6B6E-4BA1-8841-6F864659963B} = {B6EAC337-FFD4-4254-BFDC-6E14FF75C7FB}
		{B0ADE808-DB11-4F98-BC9C-3FAA33187B94} = {B6EAC337-FFD4-4254-BFDC-6E14FF75C7FB}
		{F80CE4A9-FB6C-4C91-A481-70A340FC99AB} = {B6EAC337-FFD4-4254-BFDC-6E14FF75C7FB}
		{135D433D-8B5E-4B6A-9678-CE16A84152DB} = {B6EAC337-FFD4-4254-BFDC-6E14FF75C7FB}
		{56BBD79A-E25D-46B7-A9F0-D33B0B2397FC} = {644BC15F-ABF9-4A39-969B-E48DD7FB885F}
		{61442237-ACA7-4721-9AB3-89EFC8DFDB55} = {644BC15F-ABF9-4A39-969B-E48DD7FB885F}
		{0301626A-32A4-4603-9E18-197786F6ECA4} = {644BC15F-ABF9-4A39-969B-E48DD7FB885F}
		{B6BE987D-5D4B-4EF5-B804-D6719EA627E8} = {644BC15F-ABF9-4A39-969B-E48DD7FB885F}
		{DC0AE24F-1AD2-40D8-9B82-5EFEBF5ED261} = {644BC15F-ABF9-4A39-969B-E48DD7FB885F}
		{DDC328BF-E077-4831-8C30-B6DF37BFFDE4} = {644BC15F-ABF9-4A39-969B-E48DD7FB885F}
		{9368A012-481C-477F-B962-DD54703C31BF} = {644BC15F-ABF9-4A39-969B-E48DD7FB885F}
		{67C171F1-8FD5-4F33-96C8-144426AA5CF0} = {644BC15F-ABF9-4A39-969B-E48DD7FB885F}
		{A4201006-E643-46E0-948F-7EA7CD96FC2B} = {644BC15F-ABF9-4A39-969B-E48DD7FB885F}
		{8D6C2908-8C22-4A53-AE28-5C3C53E629CF} = {644BC15F-ABF9-4A39-969B-E48DD7FB885F}
		{62E9523C-ACCD-4CA5-A830-A76940CB5928} = {644BC15F-ABF9-4A39-969B-E48DD7FB885F}
		{37F95BA6-7219-4724-85CB-B36B6B5BCC80} = {644BC15F-ABF9-4A39-969B-E48DD7FB885F}
	EndGlobalSection
	GlobalSection(ExtensibilityGlobals) = postSolution
		SolutionGuid = {A9DE8BC8-16B6-49DD-B841-360F52874090}
	EndGlobalSection
EndGlobal
