
Microsoft Visual Studio Solution File, Format Version 12.00
# Visual Studio Version 17
VisualStudioVersion = 17.5.33516.290
MinimumVisualStudioVersion = 10.0.40219.1
Project("{2150E333-8FDC-42A3-9474-1A3956D46DE8}") = "Src", "Src", "{B6EAC337-FFD4-4254-BFDC-6E14FF75C7FB}"
EndProject
Project("{2150E333-8FDC-42A3-9474-1A3956D46DE8}") = "Test", "Test", "{644BC15F-ABF9-4A39-969B-E48DD7FB885F}"
EndProject
Project("{FAE04EC0-301F-11D3-BF4B-00C04F79EFBC}") = "DiKErnel.Application", "Src\DiKErnel.Application\DiKErnel.Application.csproj", "{F7C27D31-C84D-47F4-A06B-EEF53F95CE4A}"
EndProject
Project("{FAE04EC0-301F-11D3-BF4B-00C04F79EFBC}") = "DiKErnel.Cli", "Src\DiKErnel.Cli\DiKErnel.Cli.csproj", "{DF75FCF0-5A4C-4357-852E-A97A5F01F393}"
EndProject
Project("{FAE04EC0-301F-11D3-BF4B-00C04F79EFBC}") = "DiKErnel.Core", "Src\DiKErnel.Core\DiKErnel.Core.csproj", "{B291EDD8-60BD-41E1-90F0-9B813BEF59DF}"
EndProject
Project("{FAE04EC0-301F-11D3-BF4B-00C04F79EFBC}") = "DiKErnel.DomainLibrary", "Src\DiKErnel.DomainLibrary\DiKErnel.DomainLibrary.csproj", "{BBB12622-4B0A-4475-9C48-723C76115334}"
EndProject
Project("{FAE04EC0-301F-11D3-BF4B-00C04F79EFBC}") = "DiKErnel.External.Overtopping", "Src\DiKErnel.External.Overtopping\DiKErnel.External.Overtopping.csproj", "{1AABB7A0-6B6E-4BA1-8841-6F864659963B}"
EndProject
Project("{FAE04EC0-301F-11D3-BF4B-00C04F79EFBC}") = "DiKErnel.FunctionLibrary", "Src\DiKErnel.FunctionLibrary\DiKErnel.FunctionLibrary.csproj", "{B0ADE808-DB11-4F98-BC9C-3FAA33187B94}"
EndProject
Project("{FAE04EC0-301F-11D3-BF4B-00C04F79EFBC}") = "DiKErnel.Gui", "Src\DiKErnel.Gui\DiKErnel.Gui.csproj", "{96FB139B-B8A9-4936-BAE3-A4DCD4F5F209}"
EndProject
Project("{FAE04EC0-301F-11D3-BF4B-00C04F79EFBC}") = "DiKErnel.Integration", "Src\DiKErnel.Integration\DiKErnel.Integration.csproj", "{F80CE4A9-FB6C-4C91-A481-70A340FC99AB}"
EndProject
Project("{FAE04EC0-301F-11D3-BF4B-00C04F79EFBC}") = "DiKErnel.KernelWrapper.Json.Input", "Src\DiKErnel.KernelWrapper.Json.Input\DiKErnel.KernelWrapper.Json.Input.csproj", "{DB9A4E3F-8C66-46D0-A50A-B20ABED475D7}"
EndProject
Project("{FAE04EC0-301F-11D3-BF4B-00C04F79EFBC}") = "DiKErnel.KernelWrapper.Json.Output", "Src\DiKErnel.KernelWrapper.Json.Output\DiKErnel.KernelWrapper.Json.Output.csproj", "{1654200D-DDFD-4B5D-9A6F-7CBBDD012397}"
EndProject
Project("{FAE04EC0-301F-11D3-BF4B-00C04F79EFBC}") = "DiKErnel.Util", "Src\DiKErnel.Util\DiKErnel.Util.csproj", "{135D433D-8B5E-4B6A-9678-CE16A84152DB}"
EndProject
Project("{FAE04EC0-301F-11D3-BF4B-00C04F79EFBC}") = "DiKErnel.Core.Test", "Test\DiKErnel.Core.Test\DiKErnel.Core.Test.csproj", "{56BBD79A-E25D-46B7-A9F0-D33B0B2397FC}"
EndProject
Project("{FAE04EC0-301F-11D3-BF4B-00C04F79EFBC}") = "DiKErnel.Core.TestUtil", "Test\DiKErnel.Core.TestUtil\DiKErnel.Core.TestUtil.csproj", "{920CE9AC-55EA-42B2-9926-E5612C35F93C}"
EndProject
Project("{FAE04EC0-301F-11D3-BF4B-00C04F79EFBC}") = "DiKErnel.DomainLibrary.Test", "Test\DiKErnel.DomainLibrary.Test\DiKErnel.DomainLibrary.Test.csproj", "{61442237-ACA7-4721-9AB3-89EFC8DFDB55}"
EndProject
Project("{FAE04EC0-301F-11D3-BF4B-00C04F79EFBC}") = "DiKErnel.External.Overtopping.Test", "Test\DiKErnel.External.Overtopping.Test\DiKErnel.External.Overtopping.Test.csproj", "{0301626A-32A4-4603-9E18-197786F6ECA4}"
EndProject
Project("{FAE04EC0-301F-11D3-BF4B-00C04F79EFBC}") = "DiKErnel.FunctionLibrary.Test", "Test\DiKErnel.FunctionLibrary.Test\DiKErnel.FunctionLibrary.Test.csproj", "{B6BE987D-5D4B-4EF5-B804-D6719EA627E8}"
EndProject
Project("{FAE04EC0-301F-11D3-BF4B-00C04F79EFBC}") = "DiKErnel.Integration.Test", "Test\DiKErnel.Integration.Test\DiKErnel.Integration.Test.csproj", "{DC0AE24F-1AD2-40D8-9B82-5EFEBF5ED261}"
EndProject
Project("{FAE04EC0-301F-11D3-BF4B-00C04F79EFBC}") = "DiKErnel.Integration.TestUtil", "Test\DiKErnel.Integration.TestUtil\DiKErnel.Integration.TestUtil.csproj", "{DDC328BF-E077-4831-8C30-B6DF37BFFDE4}"
EndProject
Project("{FAE04EC0-301F-11D3-BF4B-00C04F79EFBC}") = "DiKErnel.KernelWrapper.Json.Input.Test", "Test\DiKErnel.KernelWrapper.Json.Input.Test\DiKErnel.KernelWrapper.Json.Input.Test.csproj", "{38B364B4-2251-49FC-9108-642B7177C206}"
EndProject
Project("{FAE04EC0-301F-11D3-BF4B-00C04F79EFBC}") = "DiKErnel.KernelWrapper.Json.Output.Test", "Test\DiKErnel.KernelWrapper.Json.Output.Test\DiKErnel.KernelWrapper.Json.Output.Test.csproj", "{FC904CC0-6833-4037-9E0A-20002B4CF33F}"
EndProject
Project("{FAE04EC0-301F-11D3-BF4B-00C04F79EFBC}") = "DiKErnel.System.Test", "Test\DiKErnel.System.Test\DiKErnel.System.Test.csproj", "{9368A012-481C-477F-B962-DD54703C31BF}"
EndProject
Project("{FAE04EC0-301F-11D3-BF4B-00C04F79EFBC}") = "DiKErnel.TestUtil", "Test\DiKErnel.TestUtil\DiKErnel.TestUtil.csproj", "{67C171F1-8FD5-4F33-96C8-144426AA5CF0}"
EndProject
Project("{FAE04EC0-301F-11D3-BF4B-00C04F79EFBC}") = "DiKErnel.Util.Test", "Test\DiKErnel.Util.Test\DiKErnel.Util.Test.csproj", "{A4201006-E643-46E0-948F-7EA7CD96FC2B}"
EndProject
Project("{FAE04EC0-301F-11D3-BF4B-00C04F79EFBC}") = "DiKErnel.Util.TestUtil", "Test\DiKErnel.Util.TestUtil\DiKErnel.Util.TestUtil.csproj", "{8D6C2908-8C22-4A53-AE28-5C3C53E629CF}"
EndProject
Global
	GlobalSection(SolutionConfigurationPlatforms) = preSolution
		Debug|Any CPU = Debug|Any CPU
		Release|Any CPU = Release|Any CPU
	EndGlobalSection
	GlobalSection(ProjectConfigurationPlatforms) = postSolution
		{F7C27D31-C84D-47F4-A06B-EEF53F95CE4A}.Debug|Any CPU.ActiveCfg = Debug|Any CPU
		{F7C27D31-C84D-47F4-A06B-EEF53F95CE4A}.Debug|Any CPU.Build.0 = Debug|Any CPU
		{F7C27D31-C84D-47F4-A06B-EEF53F95CE4A}.Release|Any CPU.ActiveCfg = Release|Any CPU
		{F7C27D31-C84D-47F4-A06B-EEF53F95CE4A}.Release|Any CPU.Build.0 = Release|Any CPU
		{DF75FCF0-5A4C-4357-852E-A97A5F01F393}.Debug|Any CPU.ActiveCfg = Debug|Any CPU
		{DF75FCF0-5A4C-4357-852E-A97A5F01F393}.Debug|Any CPU.Build.0 = Debug|Any CPU
		{DF75FCF0-5A4C-4357-852E-A97A5F01F393}.Release|Any CPU.ActiveCfg = Release|Any CPU
		{DF75FCF0-5A4C-4357-852E-A97A5F01F393}.Release|Any CPU.Build.0 = Release|Any CPU
		{B291EDD8-60BD-41E1-90F0-9B813BEF59DF}.Debug|Any CPU.ActiveCfg = Debug|Any CPU
		{B291EDD8-60BD-41E1-90F0-9B813BEF59DF}.Debug|Any CPU.Build.0 = Debug|Any CPU
		{B291EDD8-60BD-41E1-90F0-9B813BEF59DF}.Release|Any CPU.ActiveCfg = Release|Any CPU
		{B291EDD8-60BD-41E1-90F0-9B813BEF59DF}.Release|Any CPU.Build.0 = Release|Any CPU
		{BBB12622-4B0A-4475-9C48-723C76115334}.Debug|Any CPU.ActiveCfg = Debug|Any CPU
		{BBB12622-4B0A-4475-9C48-723C76115334}.Debug|Any CPU.Build.0 = Debug|Any CPU
		{BBB12622-4B0A-4475-9C48-723C76115334}.Release|Any CPU.ActiveCfg = Release|Any CPU
		{BBB12622-4B0A-4475-9C48-723C76115334}.Release|Any CPU.Build.0 = Release|Any CPU
		{1AABB7A0-6B6E-4BA1-8841-6F864659963B}.Debug|Any CPU.ActiveCfg = Debug|Any CPU
		{1AABB7A0-6B6E-4BA1-8841-6F864659963B}.Debug|Any CPU.Build.0 = Debug|Any CPU
		{1AABB7A0-6B6E-4BA1-8841-6F864659963B}.Release|Any CPU.ActiveCfg = Release|Any CPU
		{1AABB7A0-6B6E-4BA1-8841-6F864659963B}.Release|Any CPU.Build.0 = Release|Any CPU
		{B0ADE808-DB11-4F98-BC9C-3FAA33187B94}.Debug|Any CPU.ActiveCfg = Debug|Any CPU
		{B0ADE808-DB11-4F98-BC9C-3FAA33187B94}.Debug|Any CPU.Build.0 = Debug|Any CPU
		{B0ADE808-DB11-4F98-BC9C-3FAA33187B94}.Release|Any CPU.ActiveCfg = Release|Any CPU
		{B0ADE808-DB11-4F98-BC9C-3FAA33187B94}.Release|Any CPU.Build.0 = Release|Any CPU
		{96FB139B-B8A9-4936-BAE3-A4DCD4F5F209}.Debug|Any CPU.ActiveCfg = Debug|Any CPU
		{96FB139B-B8A9-4936-BAE3-A4DCD4F5F209}.Debug|Any CPU.Build.0 = Debug|Any CPU
		{96FB139B-B8A9-4936-BAE3-A4DCD4F5F209}.Release|Any CPU.ActiveCfg = Release|Any CPU
		{96FB139B-B8A9-4936-BAE3-A4DCD4F5F209}.Release|Any CPU.Build.0 = Release|Any CPU
		{F80CE4A9-FB6C-4C91-A481-70A340FC99AB}.Debug|Any CPU.ActiveCfg = Debug|Any CPU
		{F80CE4A9-FB6C-4C91-A481-70A340FC99AB}.Debug|Any CPU.Build.0 = Debug|Any CPU
		{F80CE4A9-FB6C-4C91-A481-70A340FC99AB}.Release|Any CPU.ActiveCfg = Release|Any CPU
		{F80CE4A9-FB6C-4C91-A481-70A340FC99AB}.Release|Any CPU.Build.0 = Release|Any CPU
		{DB9A4E3F-8C66-46D0-A50A-B20ABED475D7}.Debug|Any CPU.ActiveCfg = Debug|Any CPU
		{DB9A4E3F-8C66-46D0-A50A-B20ABED475D7}.Debug|Any CPU.Build.0 = Debug|Any CPU
		{DB9A4E3F-8C66-46D0-A50A-B20ABED475D7}.Release|Any CPU.ActiveCfg = Release|Any CPU
		{DB9A4E3F-8C66-46D0-A50A-B20ABED475D7}.Release|Any CPU.Build.0 = Release|Any CPU
		{1654200D-DDFD-4B5D-9A6F-7CBBDD012397}.Debug|Any CPU.ActiveCfg = Debug|Any CPU
		{1654200D-DDFD-4B5D-9A6F-7CBBDD012397}.Debug|Any CPU.Build.0 = Debug|Any CPU
		{1654200D-DDFD-4B5D-9A6F-7CBBDD012397}.Release|Any CPU.ActiveCfg = Release|Any CPU
		{1654200D-DDFD-4B5D-9A6F-7CBBDD012397}.Release|Any CPU.Build.0 = Release|Any CPU
		{135D433D-8B5E-4B6A-9678-CE16A84152DB}.Debug|Any CPU.ActiveCfg = Debug|Any CPU
		{135D433D-8B5E-4B6A-9678-CE16A84152DB}.Debug|Any CPU.Build.0 = Debug|Any CPU
		{135D433D-8B5E-4B6A-9678-CE16A84152DB}.Release|Any CPU.ActiveCfg = Release|Any CPU
		{135D433D-8B5E-4B6A-9678-CE16A84152DB}.Release|Any CPU.Build.0 = Release|Any CPU
		{56BBD79A-E25D-46B7-A9F0-D33B0B2397FC}.Debug|Any CPU.ActiveCfg = Debug|Any CPU
		{56BBD79A-E25D-46B7-A9F0-D33B0B2397FC}.Debug|Any CPU.Build.0 = Debug|Any CPU
		{56BBD79A-E25D-46B7-A9F0-D33B0B2397FC}.Release|Any CPU.ActiveCfg = Release|Any CPU
		{56BBD79A-E25D-46B7-A9F0-D33B0B2397FC}.Release|Any CPU.Build.0 = Release|Any CPU
		{920CE9AC-55EA-42B2-9926-E5612C35F93C}.Debug|Any CPU.ActiveCfg = Debug|Any CPU
		{920CE9AC-55EA-42B2-9926-E5612C35F93C}.Debug|Any CPU.Build.0 = Debug|Any CPU
		{920CE9AC-55EA-42B2-9926-E5612C35F93C}.Release|Any CPU.ActiveCfg = Release|Any CPU
		{920CE9AC-55EA-42B2-9926-E5612C35F93C}.Release|Any CPU.Build.0 = Release|Any CPU
		{61442237-ACA7-4721-9AB3-89EFC8DFDB55}.Debug|Any CPU.ActiveCfg = Debug|Any CPU
		{61442237-ACA7-4721-9AB3-89EFC8DFDB55}.Debug|Any CPU.Build.0 = Debug|Any CPU
		{61442237-ACA7-4721-9AB3-89EFC8DFDB55}.Release|Any CPU.ActiveCfg = Release|Any CPU
		{61442237-ACA7-4721-9AB3-89EFC8DFDB55}.Release|Any CPU.Build.0 = Release|Any CPU
		{0301626A-32A4-4603-9E18-197786F6ECA4}.Debug|Any CPU.ActiveCfg = Debug|Any CPU
		{0301626A-32A4-4603-9E18-197786F6ECA4}.Debug|Any CPU.Build.0 = Debug|Any CPU
		{0301626A-32A4-4603-9E18-197786F6ECA4}.Release|Any CPU.ActiveCfg = Release|Any CPU
		{0301626A-32A4-4603-9E18-197786F6ECA4}.Release|Any CPU.Build.0 = Release|Any CPU
		{B6BE987D-5D4B-4EF5-B804-D6719EA627E8}.Debug|Any CPU.ActiveCfg = Debug|Any CPU
		{B6BE987D-5D4B-4EF5-B804-D6719EA627E8}.Debug|Any CPU.Build.0 = Debug|Any CPU
		{B6BE987D-5D4B-4EF5-B804-D6719EA627E8}.Release|Any CPU.ActiveCfg = Release|Any CPU
		{B6BE987D-5D4B-4EF5-B804-D6719EA627E8}.Release|Any CPU.Build.0 = Release|Any CPU
		{DC0AE24F-1AD2-40D8-9B82-5EFEBF5ED261}.Debug|Any CPU.ActiveCfg = Debug|Any CPU
		{DC0AE24F-1AD2-40D8-9B82-5EFEBF5ED261}.Debug|Any CPU.Build.0 = Debug|Any CPU
		{DC0AE24F-1AD2-40D8-9B82-5EFEBF5ED261}.Release|Any CPU.ActiveCfg = Release|Any CPU
		{DC0AE24F-1AD2-40D8-9B82-5EFEBF5ED261}.Release|Any CPU.Build.0 = Release|Any CPU
		{DDC328BF-E077-4831-8C30-B6DF37BFFDE4}.Debug|Any CPU.ActiveCfg = Debug|Any CPU
		{DDC328BF-E077-4831-8C30-B6DF37BFFDE4}.Debug|Any CPU.Build.0 = Debug|Any CPU
		{DDC328BF-E077-4831-8C30-B6DF37BFFDE4}.Release|Any CPU.ActiveCfg = Release|Any CPU
		{DDC328BF-E077-4831-8C30-B6DF37BFFDE4}.Release|Any CPU.Build.0 = Release|Any CPU
		{38B364B4-2251-49FC-9108-642B7177C206}.Debug|Any CPU.ActiveCfg = Debug|Any CPU
		{38B364B4-2251-49FC-9108-642B7177C206}.Debug|Any CPU.Build.0 = Debug|Any CPU
		{38B364B4-2251-49FC-9108-642B7177C206}.Release|Any CPU.ActiveCfg = Release|Any CPU
		{38B364B4-2251-49FC-9108-642B7177C206}.Release|Any CPU.Build.0 = Release|Any CPU
		{FC904CC0-6833-4037-9E0A-20002B4CF33F}.Debug|Any CPU.ActiveCfg = Debug|Any CPU
		{FC904CC0-6833-4037-9E0A-20002B4CF33F}.Debug|Any CPU.Build.0 = Debug|Any CPU
		{FC904CC0-6833-4037-9E0A-20002B4CF33F}.Release|Any CPU.ActiveCfg = Release|Any CPU
		{FC904CC0-6833-4037-9E0A-20002B4CF33F}.Release|Any CPU.Build.0 = Release|Any CPU
		{9368A012-481C-477F-B962-DD54703C31BF}.Debug|Any CPU.ActiveCfg = Debug|Any CPU
		{9368A012-481C-477F-B962-DD54703C31BF}.Debug|Any CPU.Build.0 = Debug|Any CPU
		{9368A012-481C-477F-B962-DD54703C31BF}.Release|Any CPU.ActiveCfg = Release|Any CPU
		{9368A012-481C-477F-B962-DD54703C31BF}.Release|Any CPU.Build.0 = Release|Any CPU
		{67C171F1-8FD5-4F33-96C8-144426AA5CF0}.Debug|Any CPU.ActiveCfg = Debug|Any CPU
		{67C171F1-8FD5-4F33-96C8-144426AA5CF0}.Debug|Any CPU.Build.0 = Debug|Any CPU
		{67C171F1-8FD5-4F33-96C8-144426AA5CF0}.Release|Any CPU.ActiveCfg = Release|Any CPU
		{67C171F1-8FD5-4F33-96C8-144426AA5CF0}.Release|Any CPU.Build.0 = Release|Any CPU
		{A4201006-E643-46E0-948F-7EA7CD96FC2B}.Debug|Any CPU.ActiveCfg = Debug|Any CPU
		{A4201006-E643-46E0-948F-7EA7CD96FC2B}.Debug|Any CPU.Build.0 = Debug|Any CPU
		{A4201006-E643-46E0-948F-7EA7CD96FC2B}.Release|Any CPU.ActiveCfg = Release|Any CPU
		{A4201006-E643-46E0-948F-7EA7CD96FC2B}.Release|Any CPU.Build.0 = Release|Any CPU
		{8D6C2908-8C22-4A53-AE28-5C3C53E629CF}.Debug|Any CPU.ActiveCfg = Debug|Any CPU
		{8D6C2908-8C22-4A53-AE28-5C3C53E629CF}.Debug|Any CPU.Build.0 = Debug|Any CPU
		{8D6C2908-8C22-4A53-AE28-5C3C53E629CF}.Release|Any CPU.ActiveCfg = Release|Any CPU
		{8D6C2908-8C22-4A53-AE28-5C3C53E629CF}.Release|Any CPU.Build.0 = Release|Any CPU
	EndGlobalSection
	GlobalSection(SolutionProperties) = preSolution
		HideSolutionNode = FALSE
	EndGlobalSection
	GlobalSection(NestedProjects) = preSolution
		{F7C27D31-C84D-47F4-A06B-EEF53F95CE4A} = {B6EAC337-FFD4-4254-BFDC-6E14FF75C7FB}
		{DF75FCF0-5A4C-4357-852E-A97A5F01F393} = {B6EAC337-FFD4-4254-BFDC-6E14FF75C7FB}
		{B291EDD8-60BD-41E1-90F0-9B813BEF59DF} = {B6EAC337-FFD4-4254-BFDC-6E14FF75C7FB}
		{BBB12622-4B0A-4475-9C48-723C76115334} = {B6EAC337-FFD4-4254-BFDC-6E14FF75C7FB}
		{1AABB7A0-6B6E-4BA1-8841-6F864659963B} = {B6EAC337-FFD4-4254-BFDC-6E14FF75C7FB}
		{B0ADE808-DB11-4F98-BC9C-3FAA33187B94} = {B6EAC337-FFD4-4254-BFDC-6E14FF75C7FB}
		{96FB139B-B8A9-4936-BAE3-A4DCD4F5F209} = {B6EAC337-FFD4-4254-BFDC-6E14FF75C7FB}
		{F80CE4A9-FB6C-4C91-A481-70A340FC99AB} = {B6EAC337-FFD4-4254-BFDC-6E14FF75C7FB}
		{DB9A4E3F-8C66-46D0-A50A-B20ABED475D7} = {B6EAC337-FFD4-4254-BFDC-6E14FF75C7FB}
		{1654200D-DDFD-4B5D-9A6F-7CBBDD012397} = {B6EAC337-FFD4-4254-BFDC-6E14FF75C7FB}
		{135D433D-8B5E-4B6A-9678-CE16A84152DB} = {B6EAC337-FFD4-4254-BFDC-6E14FF75C7FB}
		{56BBD79A-E25D-46B7-A9F0-D33B0B2397FC} = {644BC15F-ABF9-4A39-969B-E48DD7FB885F}
		{920CE9AC-55EA-42B2-9926-E5612C35F93C} = {644BC15F-ABF9-4A39-969B-E48DD7FB885F}
		{61442237-ACA7-4721-9AB3-89EFC8DFDB55} = {644BC15F-ABF9-4A39-969B-E48DD7FB885F}
		{0301626A-32A4-4603-9E18-197786F6ECA4} = {644BC15F-ABF9-4A39-969B-E48DD7FB885F}
		{B6BE987D-5D4B-4EF5-B804-D6719EA627E8} = {644BC15F-ABF9-4A39-969B-E48DD7FB885F}
		{DC0AE24F-1AD2-40D8-9B82-5EFEBF5ED261} = {644BC15F-ABF9-4A39-969B-E48DD7FB885F}
		{DDC328BF-E077-4831-8C30-B6DF37BFFDE4} = {644BC15F-ABF9-4A39-969B-E48DD7FB885F}
		{38B364B4-2251-49FC-9108-642B7177C206} = {644BC15F-ABF9-4A39-969B-E48DD7FB885F}
		{FC904CC0-6833-4037-9E0A-20002B4CF33F} = {644BC15F-ABF9-4A39-969B-E48DD7FB885F}
		{9368A012-481C-477F-B962-DD54703C31BF} = {644BC15F-ABF9-4A39-969B-E48DD7FB885F}
		{67C171F1-8FD5-4F33-96C8-144426AA5CF0} = {644BC15F-ABF9-4A39-969B-E48DD7FB885F}
		{A4201006-E643-46E0-948F-7EA7CD96FC2B} = {644BC15F-ABF9-4A39-969B-E48DD7FB885F}
		{8D6C2908-8C22-4A53-AE28-5C3C53E629CF} = {644BC15F-ABF9-4A39-969B-E48DD7FB885F}
	EndGlobalSection
	GlobalSection(ExtensibilityGlobals) = postSolution
		SolutionGuid = {A9DE8BC8-16B6-49DD-B841-360F52874090}
	EndGlobalSection
EndGlobal
